
Microsoft Visual Studio Solution File, Format Version 12.00
# Visual Studio Version 17
VisualStudioVersion = 17.5.002.0
MinimumVisualStudioVersion = 10.0.40219.1
Project("{9A19103F-16F7-4668-BE54-9A1E7A4F7556}") = "Controller-Demo", "Controller-Demo.csproj", "{E5161F06-1459-4D0A-9679-9D58151B1B78}"
EndProject
Project("{FAE04EC0-301F-11D3-BF4B-00C04F79EFBC}") = "ClassLibrary", "ClassLibrary\ClassLibrary.csproj", "{D97F0DAD-B9C6-4DBB-8D3C-745E18178E13}"
EndProject
Project("{FAE04EC0-301F-11D3-BF4B-00C04F79EFBC}") = "IActionResult-Demo", "IActionResult-Demo\IActionResult-Demo.csproj", "{24CEFE75-9CF2-4477-AB0D-0C5B6EFE6A16}"
EndProject
Global
	GlobalSection(SolutionConfigurationPlatforms) = preSolution
		Debug|Any CPU = Debug|Any CPU
		Release|Any CPU = Release|Any CPU
	EndGlobalSection
	GlobalSection(ProjectConfigurationPlatforms) = postSolution
		{E5161F06-1459-4D0A-9679-9D58151B1B78}.Debug|Any CPU.ActiveCfg = Debug|Any CPU
		{E5161F06-1459-4D0A-9679-9D58151B1B78}.Debug|Any CPU.Build.0 = Debug|Any CPU
		{E5161F06-1459-4D0A-9679-9D58151B1B78}.Release|Any CPU.ActiveCfg = Release|Any CPU
		{E5161F06-1459-4D0A-9679-9D58151B1B78}.Release|Any CPU.Build.0 = Release|Any CPU
		{D97F0DAD-B9C6-4DBB-8D3C-745E18178E13}.Debug|Any CPU.ActiveCfg = Debug|Any CPU
		{D97F0DAD-B9C6-4DBB-8D3C-745E18178E13}.Debug|Any CPU.Build.0 = Debug|Any CPU
		{D97F0DAD-B9C6-4DBB-8D3C-745E18178E13}.Release|Any CPU.ActiveCfg = Release|Any CPU
		{D97F0DAD-B9C6-4DBB-8D3C-745E18178E13}.Release|Any CPU.Build.0 = Release|Any CPU
		{24CEFE75-9CF2-4477-AB0D-0C5B6EFE6A16}.Debug|Any CPU.ActiveCfg = Debug|Any CPU
		{24CEFE75-9CF2-4477-AB0D-0C5B6EFE6A16}.Debug|Any CPU.Build.0 = Debug|Any CPU
		{24CEFE75-9CF2-4477-AB0D-0C5B6EFE6A16}.Release|Any CPU.ActiveCfg = Release|Any CPU
		{24CEFE75-9CF2-4477-AB0D-0C5B6EFE6A16}.Release|Any CPU.Build.0 = Release|Any CPU
	EndGlobalSection
	GlobalSection(SolutionProperties) = preSolution
		HideSolutionNode = FALSE
	EndGlobalSection
	GlobalSection(ExtensibilityGlobals) = postSolution
		SolutionGuid = {A831334A-69DE-47E7-A377-180D21F4ED93}
	EndGlobalSection
EndGlobal
